
Microsoft Visual Studio Solution File, Format Version 12.00
Project("{FAE04EC0-301F-11D3-BF4B-00C04F79EFBC}") = "Queue-Array", "ConsoleApp1\Queue-Array.csproj", "{79D55445-6EDC-4E65-B0F3-B1FCF4483E24}"
EndProject
Project("{FAE04EC0-301F-11D3-BF4B-00C04F79EFBC}") = "Test-Queue-Array", "Test-Queue-Array\Test-Queue-Array.csproj", "{5CB9A79E-5DBE-410F-B7DE-1D7BC843F61B}"
EndProject
Global
	GlobalSection(SolutionConfigurationPlatforms) = preSolution
		Debug|Any CPU = Debug|Any CPU
		Release|Any CPU = Release|Any CPU
	EndGlobalSection
	GlobalSection(ProjectConfigurationPlatforms) = postSolution
		{79D55445-6EDC-4E65-B0F3-B1FCF4483E24}.Debug|Any CPU.ActiveCfg = Debug|Any CPU
		{79D55445-6EDC-4E65-B0F3-B1FCF4483E24}.Debug|Any CPU.Build.0 = Debug|Any CPU
		{79D55445-6EDC-4E65-B0F3-B1FCF4483E24}.Release|Any CPU.ActiveCfg = Release|Any CPU
		{79D55445-6EDC-4E65-B0F3-B1FCF4483E24}.Release|Any CPU.Build.0 = Release|Any CPU
		{5CB9A79E-5DBE-410F-B7DE-1D7BC843F61B}.Debug|Any CPU.ActiveCfg = Debug|Any CPU
		{5CB9A79E-5DBE-410F-B7DE-1D7BC843F61B}.Debug|Any CPU.Build.0 = Debug|Any CPU
		{5CB9A79E-5DBE-410F-B7DE-1D7BC843F61B}.Release|Any CPU.ActiveCfg = Release|Any CPU
		{5CB9A79E-5DBE-410F-B7DE-1D7BC843F61B}.Release|Any CPU.Build.0 = Release|Any CPU
	EndGlobalSection
EndGlobal
